
Microsoft Visual Studio Solution File, Format Version 12.00
# Visual Studio 14
VisualStudioVersion = 14.0.23107.0
MinimumVisualStudioVersion = 10.0.40219.1
Project("{FAE04EC0-301F-11D3-BF4B-00C04F79EFBC}") = "PantallasDesarrollo", "PantallasDesarrollo\PantallasDesarrollo.csproj", "{02A73160-7F16-4E0C-BB73-A7A00B4D6C70}"
EndProject
Project("{FAE04EC0-301F-11D3-BF4B-00C04F79EFBC}") = "Clases", "Clases\Clases.csproj", "{1626B3C5-480B-42CA-BBB8-FBC7AC5DAAA4}"
EndProject
Project("{6141683F-8A12-4E36-9623-2EB02B2C2303}") = "Instalador", "Instalador\Instalador.isproj", "{1FF13D1B-927D-4C19-BAAB-9FB6F2A71C99}"
EndProject
Project("{6141683F-8A12-4E36-9623-2EB02B2C2303}") = "Setup1", "Setup1\Setup1.isproj", "{C0CAD09A-4FBD-4255-B5B4-E20F50A740E5}"
	ProjectSection(ProjectDependencies) = postProject
		{02A73160-7F16-4E0C-BB73-A7A00B4D6C70} = {02A73160-7F16-4E0C-BB73-A7A00B4D6C70}
		{1626B3C5-480B-42CA-BBB8-FBC7AC5DAAA4} = {1626B3C5-480B-42CA-BBB8-FBC7AC5DAAA4}
	EndProjectSection
EndProject
Project("{6141683F-8A12-4E36-9623-2EB02B2C2303}") = "pruebaFinal", "pruebaFinal\pruebaFinal.isproj", "{AE25C387-EF62-47E8-9BA0-FC98BDC1684A}"
	ProjectSection(ProjectDependencies) = postProject
		{02A73160-7F16-4E0C-BB73-A7A00B4D6C70} = {02A73160-7F16-4E0C-BB73-A7A00B4D6C70}
	EndProjectSection
EndProject
Project("{6141683F-8A12-4E36-9623-2EB02B2C2303}") = "Setup2", "Setup2\Setup2.isproj", "{DABCD11E-2329-422E-9276-CF19EEE1C2AE}"
	ProjectSection(ProjectDependencies) = postProject
		{02A73160-7F16-4E0C-BB73-A7A00B4D6C70} = {02A73160-7F16-4E0C-BB73-A7A00B4D6C70}
		{1626B3C5-480B-42CA-BBB8-FBC7AC5DAAA4} = {1626B3C5-480B-42CA-BBB8-FBC7AC5DAAA4}
	EndProjectSection
EndProject
Global
	GlobalSection(SolutionConfigurationPlatforms) = preSolution
		CD_ROM|Any CPU = CD_ROM|Any CPU
		Debug|Any CPU = Debug|Any CPU
		DVD-5|Any CPU = DVD-5|Any CPU
		Release|Any CPU = Release|Any CPU
		SingleImage|Any CPU = SingleImage|Any CPU
	EndGlobalSection
	GlobalSection(ProjectConfigurationPlatforms) = postSolution
		{02A73160-7F16-4E0C-BB73-A7A00B4D6C70}.CD_ROM|Any CPU.ActiveCfg = Release|Any CPU
		{02A73160-7F16-4E0C-BB73-A7A00B4D6C70}.CD_ROM|Any CPU.Build.0 = Release|Any CPU
		{02A73160-7F16-4E0C-BB73-A7A00B4D6C70}.Debug|Any CPU.ActiveCfg = Debug|Any CPU
		{02A73160-7F16-4E0C-BB73-A7A00B4D6C70}.Debug|Any CPU.Build.0 = Debug|Any CPU
		{02A73160-7F16-4E0C-BB73-A7A00B4D6C70}.DVD-5|Any CPU.ActiveCfg = Debug|Any CPU
		{02A73160-7F16-4E0C-BB73-A7A00B4D6C70}.DVD-5|Any CPU.Build.0 = Debug|Any CPU
		{02A73160-7F16-4E0C-BB73-A7A00B4D6C70}.Release|Any CPU.ActiveCfg = Release|Any CPU
		{02A73160-7F16-4E0C-BB73-A7A00B4D6C70}.Release|Any CPU.Build.0 = Release|Any CPU
		{02A73160-7F16-4E0C-BB73-A7A00B4D6C70}.SingleImage|Any CPU.ActiveCfg = Release|Any CPU
		{02A73160-7F16-4E0C-BB73-A7A00B4D6C70}.SingleImage|Any CPU.Build.0 = Release|Any CPU
		{1626B3C5-480B-42CA-BBB8-FBC7AC5DAAA4}.CD_ROM|Any CPU.ActiveCfg = Release|Any CPU
		{1626B3C5-480B-42CA-BBB8-FBC7AC5DAAA4}.CD_ROM|Any CPU.Build.0 = Release|Any CPU
		{1626B3C5-480B-42CA-BBB8-FBC7AC5DAAA4}.Debug|Any CPU.ActiveCfg = Debug|Any CPU
		{1626B3C5-480B-42CA-BBB8-FBC7AC5DAAA4}.Debug|Any CPU.Build.0 = Debug|Any CPU
		{1626B3C5-480B-42CA-BBB8-FBC7AC5DAAA4}.DVD-5|Any CPU.ActiveCfg = Debug|Any CPU
		{1626B3C5-480B-42CA-BBB8-FBC7AC5DAAA4}.DVD-5|Any CPU.Build.0 = Debug|Any CPU
		{1626B3C5-480B-42CA-BBB8-FBC7AC5DAAA4}.Release|Any CPU.ActiveCfg = Release|Any CPU
		{1626B3C5-480B-42CA-BBB8-FBC7AC5DAAA4}.Release|Any CPU.Build.0 = Release|Any CPU
		{1626B3C5-480B-42CA-BBB8-FBC7AC5DAAA4}.SingleImage|Any CPU.ActiveCfg = Release|Any CPU
		{1626B3C5-480B-42CA-BBB8-FBC7AC5DAAA4}.SingleImage|Any CPU.Build.0 = Release|Any CPU
		{1FF13D1B-927D-4C19-BAAB-9FB6F2A71C99}.CD_ROM|Any CPU.ActiveCfg = CD_ROM
		{1FF13D1B-927D-4C19-BAAB-9FB6F2A71C99}.CD_ROM|Any CPU.Build.0 = CD_ROM
		{1FF13D1B-927D-4C19-BAAB-9FB6F2A71C99}.Debug|Any CPU.ActiveCfg = DVD-5
		{1FF13D1B-927D-4C19-BAAB-9FB6F2A71C99}.Debug|Any CPU.Build.0 = DVD-5
		{1FF13D1B-927D-4C19-BAAB-9FB6F2A71C99}.DVD-5|Any CPU.ActiveCfg = DVD-5
		{1FF13D1B-927D-4C19-BAAB-9FB6F2A71C99}.DVD-5|Any CPU.Build.0 = DVD-5
		{1FF13D1B-927D-4C19-BAAB-9FB6F2A71C99}.Release|Any CPU.ActiveCfg = SingleImage
		{1FF13D1B-927D-4C19-BAAB-9FB6F2A71C99}.Release|Any CPU.Build.0 = SingleImage
		{1FF13D1B-927D-4C19-BAAB-9FB6F2A71C99}.SingleImage|Any CPU.ActiveCfg = SingleImage
		{1FF13D1B-927D-4C19-BAAB-9FB6F2A71C99}.SingleImage|Any CPU.Build.0 = SingleImage
		{C0CAD09A-4FBD-4255-B5B4-E20F50A740E5}.CD_ROM|Any CPU.ActiveCfg = CD_ROM
		{C0CAD09A-4FBD-4255-B5B4-E20F50A740E5}.CD_ROM|Any CPU.Build.0 = CD_ROM
		{C0CAD09A-4FBD-4255-B5B4-E20F50A740E5}.Debug|Any CPU.ActiveCfg = DVD-5
		{C0CAD09A-4FBD-4255-B5B4-E20F50A740E5}.Debug|Any CPU.Build.0 = DVD-5
		{C0CAD09A-4FBD-4255-B5B4-E20F50A740E5}.DVD-5|Any CPU.ActiveCfg = DVD-5
		{C0CAD09A-4FBD-4255-B5B4-E20F50A740E5}.DVD-5|Any CPU.Build.0 = DVD-5
		{C0CAD09A-4FBD-4255-B5B4-E20F50A740E5}.Release|Any CPU.ActiveCfg = SingleImage
		{C0CAD09A-4FBD-4255-B5B4-E20F50A740E5}.Release|Any CPU.Build.0 = SingleImage
		{C0CAD09A-4FBD-4255-B5B4-E20F50A740E5}.SingleImage|Any CPU.ActiveCfg = SingleImage
		{C0CAD09A-4FBD-4255-B5B4-E20F50A740E5}.SingleImage|Any CPU.Build.0 = SingleImage
		{AE25C387-EF62-47E8-9BA0-FC98BDC1684A}.CD_ROM|Any CPU.ActiveCfg = CD_ROM
		{AE25C387-EF62-47E8-9BA0-FC98BDC1684A}.CD_ROM|Any CPU.Build.0 = CD_ROM
		{AE25C387-EF62-47E8-9BA0-FC98BDC1684A}.Debug|Any CPU.ActiveCfg = DVD-5
		{AE25C387-EF62-47E8-9BA0-FC98BDC1684A}.Debug|Any CPU.Build.0 = DVD-5
		{AE25C387-EF62-47E8-9BA0-FC98BDC1684A}.DVD-5|Any CPU.ActiveCfg = DVD-5
		{AE25C387-EF62-47E8-9BA0-FC98BDC1684A}.DVD-5|Any CPU.Build.0 = DVD-5
		{AE25C387-EF62-47E8-9BA0-FC98BDC1684A}.Release|Any CPU.ActiveCfg = SingleImage
		{AE25C387-EF62-47E8-9BA0-FC98BDC1684A}.Release|Any CPU.Build.0 = SingleImage
		{AE25C387-EF62-47E8-9BA0-FC98BDC1684A}.SingleImage|Any CPU.ActiveCfg = SingleImage
		{AE25C387-EF62-47E8-9BA0-FC98BDC1684A}.SingleImage|Any CPU.Build.0 = SingleImage
		{DABCD11E-2329-422E-9276-CF19EEE1C2AE}.CD_ROM|Any CPU.ActiveCfg = CD_ROM
		{DABCD11E-2329-422E-9276-CF19EEE1C2AE}.CD_ROM|Any CPU.Build.0 = CD_ROM
		{DABCD11E-2329-422E-9276-CF19EEE1C2AE}.Debug|Any CPU.ActiveCfg = DVD-5
		{DABCD11E-2329-422E-9276-CF19EEE1C2AE}.Debug|Any CPU.Build.0 = DVD-5
		{DABCD11E-2329-422E-9276-CF19EEE1C2AE}.DVD-5|Any CPU.ActiveCfg = DVD-5
		{DABCD11E-2329-422E-9276-CF19EEE1C2AE}.DVD-5|Any CPU.Build.0 = DVD-5
		{DABCD11E-2329-422E-9276-CF19EEE1C2AE}.Release|Any CPU.ActiveCfg = SingleImage
		{DABCD11E-2329-422E-9276-CF19EEE1C2AE}.Release|Any CPU.Build.0 = SingleImage
		{DABCD11E-2329-422E-9276-CF19EEE1C2AE}.SingleImage|Any CPU.ActiveCfg = SingleImage
		{DABCD11E-2329-422E-9276-CF19EEE1C2AE}.SingleImage|Any CPU.Build.0 = SingleImage
	EndGlobalSection
	GlobalSection(SolutionProperties) = preSolution
		HideSolutionNode = FALSE
	EndGlobalSection
EndGlobal
